
Microsoft Visual Studio Solution File, Format Version 12.00
# Visual Studio 15
Project("{FAE04EC0-301F-11D3-BF4B-00C04F79EFBC}") = "MLHGame", "Assembly-CSharp.csproj", "{7893D388-3E84-4861-E82F-747484CF4A33}"
EndProject
Global
	GlobalSection(SolutionConfigurationPlatforms) = preSolution
		Debug|Any CPU = Debug|Any CPU
		Release|Any CPU = Release|Any CPU
	EndGlobalSection
	GlobalSection(ProjectConfigurationPlatforms) = postSolution
		{7893D388-3E84-4861-E82F-747484CF4A33}.Debug|Any CPU.ActiveCfg = Debug|Any CPU
		{7893D388-3E84-4861-E82F-747484CF4A33}.Debug|Any CPU.Build.0 = Debug|Any CPU
		{7893D388-3E84-4861-E82F-747484CF4A33}.Release|Any CPU.ActiveCfg = Release|Any CPU
		{7893D388-3E84-4861-E82F-747484CF4A33}.Release|Any CPU.Build.0 = Release|Any CPU
	EndGlobalSection
	GlobalSection(SolutionProperties) = preSolution
		HideSolutionNode = FALSE
	EndGlobalSection
EndGlobal
